// !$*UTF8*$!
{
	archiveVersion = 1;
	classes = {
	};
	objectVersion = 46;
	objects = {

/* Begin PBXBuildFile section */
		6B2E1A6C140F09F100A5D0F8 /* UIKit.framework in Frameworks */ = {isa = PBXBuildFile; fileRef = 6B2E1A6B140F09F100A5D0F8 /* UIKit.framework */; };
		6B2E1A6E140F09F100A5D0F8 /* Foundation.framework in Frameworks */ = {isa = PBXBuildFile; fileRef = 6B2E1A6D140F09F100A5D0F8 /* Foundation.framework */; };
		6B2E1A70140F09F100A5D0F8 /* CoreGraphics.framework in Frameworks */ = {isa = PBXBuildFile; fileRef = 6B2E1A6F140F09F100A5D0F8 /* CoreGraphics.framework */; };
		6B2E1A76140F09F100A5D0F8 /* InfoPlist.strings in Resources */ = {isa = PBXBuildFile; fileRef = 6B2E1A74140F09F100A5D0F8 /* InfoPlist.strings */; };
		6B2E1A79140F09F100A5D0F8 /* main.m in Sources */ = {isa = PBXBuildFile; fileRef = 6B2E1A78140F09F100A5D0F8 /* main.m */; };
		6B2E1A7C140F09F100A5D0F8 /* tosmiss_iphoneAppDelegate.m in Sources */ = {isa = PBXBuildFile; fileRef = 6B2E1A7B140F09F100A5D0F8 /* tosmiss_iphoneAppDelegate.m */; };
		6B2E1A7F140F09F100A5D0F8 /* MainWindow.xib in Resources */ = {isa = PBXBuildFile; fileRef = 6B2E1A7D140F09F100A5D0F8 /* MainWindow.xib */; };
		6B2E1A82140F09F100A5D0F8 /* tosmiss_iphoneViewController.m in Sources */ = {isa = PBXBuildFile; fileRef = 6B2E1A81140F09F100A5D0F8 /* tosmiss_iphoneViewController.m */; };
		6B2E1A85140F09F100A5D0F8 /* tosmiss_iphoneViewController.xib in Resources */ = {isa = PBXBuildFile; fileRef = 6B2E1A83140F09F100A5D0F8 /* tosmiss_iphoneViewController.xib */; };
		6B2E1A92140F0B0A00A5D0F8 /* AboutViewController.m in Sources */ = {isa = PBXBuildFile; fileRef = 6B2E1A8C140F0B0A00A5D0F8 /* AboutViewController.m */; };
		6B2E1A93140F0B0A00A5D0F8 /* AboutViewController.xib in Resources */ = {isa = PBXBuildFile; fileRef = 6B2E1A8D140F0B0A00A5D0F8 /* AboutViewController.xib */; };
		6B2E1A94140F0B0A00A5D0F8 /* AsyncSocket.m in Sources */ = {isa = PBXBuildFile; fileRef = 6B2E1A8F140F0B0A00A5D0F8 /* AsyncSocket.m */; };
		6B2E1A95140F0B0A00A5D0F8 /* random.png in Resources */ = {isa = PBXBuildFile; fileRef = 6B2E1A90140F0B0A00A5D0F8 /* random.png */; };
		6B2E1A96140F0B0A00A5D0F8 /* random@2x.png in Resources */ = {isa = PBXBuildFile; fileRef = 6B2E1A91140F0B0A00A5D0F8 /* random@2x.png */; };
		6B2E1A98140F0B3A00A5D0F8 /* CFNetwork.framework in Frameworks */ = {isa = PBXBuildFile; fileRef = 6B2E1A97140F0B3A00A5D0F8 /* CFNetwork.framework */; };
/* End PBXBuildFile section */

/* Begin PBXFileReference section */
		6B2E1A67140F09F100A5D0F8 /* tosmiss-iphone.app */ = {isa = PBXFileReference; explicitFileType = wrapper.application; includeInIndex = 0; path = "tosmiss-iphone.app"; sourceTree = BUILT_PRODUCTS_DIR; };
		6B2E1A6B140F09F100A5D0F8 /* UIKit.framework */ = {isa = PBXFileReference; lastKnownFileType = wrapper.framework; name = UIKit.framework; path = System/Library/Frameworks/UIKit.framework; sourceTree = SDKROOT; };
		6B2E1A6D140F09F100A5D0F8 /* Foundation.framework */ = {isa = PBXFileReference; lastKnownFileType = wrapper.framework; name = Foundation.framework; path = System/Library/Frameworks/Foundation.framework; sourceTree = SDKROOT; };
		6B2E1A6F140F09F100A5D0F8 /* CoreGraphics.framework */ = {isa = PBXFileReference; lastKnownFileType = wrapper.framework; name = CoreGraphics.framework; path = System/Library/Frameworks/CoreGraphics.framework; sourceTree = SDKROOT; };
		6B2E1A73140F09F100A5D0F8 /* tosmiss-iphone-Info.plist */ = {isa = PBXFileReference; lastKnownFileType = text.plist.xml; path = "tosmiss-iphone-Info.plist"; sourceTree = "<group>"; };
		6B2E1A75140F09F100A5D0F8 /* en */ = {isa = PBXFileReference; lastKnownFileType = text.plist.strings; name = en; path = en.lproj/InfoPlist.strings; sourceTree = "<group>"; };
		6B2E1A77140F09F100A5D0F8 /* tosmiss-iphone-Prefix.pch */ = {isa = PBXFileReference; lastKnownFileType = sourcecode.c.h; path = "tosmiss-iphone-Prefix.pch"; sourceTree = "<group>"; };
		6B2E1A78140F09F100A5D0F8 /* main.m */ = {isa = PBXFileReference; lastKnownFileType = sourcecode.c.objc; path = main.m; sourceTree = "<group>"; };
		6B2E1A7A140F09F100A5D0F8 /* tosmiss_iphoneAppDelegate.h */ = {isa = PBXFileReference; lastKnownFileType = sourcecode.c.h; path = tosmiss_iphoneAppDelegate.h; sourceTree = "<group>"; };
		6B2E1A7B140F09F100A5D0F8 /* tosmiss_iphoneAppDelegate.m */ = {isa = PBXFileReference; lastKnownFileType = sourcecode.c.objc; path = tosmiss_iphoneAppDelegate.m; sourceTree = "<group>"; };
		6B2E1A7E140F09F100A5D0F8 /* en */ = {isa = PBXFileReference; lastKnownFileType = file.xib; name = en; path = en.lproj/MainWindow.xib; sourceTree = "<group>"; };
		6B2E1A80140F09F100A5D0F8 /* tosmiss_iphoneViewController.h */ = {isa = PBXFileReference; lastKnownFileType = sourcecode.c.h; path = tosmiss_iphoneViewController.h; sourceTree = "<group>"; };
		6B2E1A81140F09F100A5D0F8 /* tosmiss_iphoneViewController.m */ = {isa = PBXFileReference; lastKnownFileType = sourcecode.c.objc; path = tosmiss_iphoneViewController.m; sourceTree = "<group>"; };
		6B2E1A84140F09F100A5D0F8 /* en */ = {isa = PBXFileReference; lastKnownFileType = file.xib; name = en; path = en.lproj/tosmiss_iphoneViewController.xib; sourceTree = "<group>"; };
		6B2E1A8B140F0B0A00A5D0F8 /* AboutViewController.h */ = {isa = PBXFileReference; fileEncoding = 4; lastKnownFileType = sourcecode.c.h; path = AboutViewController.h; sourceTree = "<group>"; };
		6B2E1A8C140F0B0A00A5D0F8 /* AboutViewController.m */ = {isa = PBXFileReference; fileEncoding = 4; lastKnownFileType = sourcecode.c.objc; path = AboutViewController.m; sourceTree = "<group>"; };
		6B2E1A8D140F0B0A00A5D0F8 /* AboutViewController.xib */ = {isa = PBXFileReference; fileEncoding = 4; lastKnownFileType = file.xib; path = AboutViewController.xib; sourceTree = "<group>"; };
		6B2E1A8E140F0B0A00A5D0F8 /* AsyncSocket.h */ = {isa = PBXFileReference; fileEncoding = 4; lastKnownFileType = sourcecode.c.h; path = AsyncSocket.h; sourceTree = "<group>"; };
		6B2E1A8F140F0B0A00A5D0F8 /* AsyncSocket.m */ = {isa = PBXFileReference; fileEncoding = 4; lastKnownFileType = sourcecode.c.objc; path = AsyncSocket.m; sourceTree = "<group>"; };
		6B2E1A90140F0B0A00A5D0F8 /* random.png */ = {isa = PBXFileReference; lastKnownFileType = image.png; path = random.png; sourceTree = "<group>"; };
		6B2E1A91140F0B0A00A5D0F8 /* random@2x.png */ = {isa = PBXFileReference; lastKnownFileType = image.png; path = "random@2x.png"; sourceTree = "<group>"; };
		6B2E1A97140F0B3A00A5D0F8 /* CFNetwork.framework */ = {isa = PBXFileReference; lastKnownFileType = wrapper.framework; name = CFNetwork.framework; path = System/Library/Frameworks/CFNetwork.framework; sourceTree = SDKROOT; };
/* End PBXFileReference section */

/* Begin PBXFrameworksBuildPhase section */
		6B2E1A64140F09F100A5D0F8 /* Frameworks */ = {
			isa = PBXFrameworksBuildPhase;
			buildActionMask = 2147483647;
			files = (
				6B2E1A98140F0B3A00A5D0F8 /* CFNetwork.framework in Frameworks */,
				6B2E1A6C140F09F100A5D0F8 /* UIKit.framework in Frameworks */,
				6B2E1A6E140F09F100A5D0F8 /* Foundation.framework in Frameworks */,
				6B2E1A70140F09F100A5D0F8 /* CoreGraphics.framework in Frameworks */,
			);
			runOnlyForDeploymentPostprocessing = 0;
		};
/* End PBXFrameworksBuildPhase section */

/* Begin PBXGroup section */
		6B2E1A5C140F09F100A5D0F8 = {
			isa = PBXGroup;
			children = (
				6B2E1A97140F0B3A00A5D0F8 /* CFNetwork.framework */,
				6B2E1A71140F09F100A5D0F8 /* tosmiss-iphone */,
				6B2E1A6A140F09F100A5D0F8 /* Frameworks */,
				6B2E1A68140F09F100A5D0F8 /* Products */,
			);
			sourceTree = "<group>";
		};
		6B2E1A68140F09F100A5D0F8 /* Products */ = {
			isa = PBXGroup;
			children = (
				6B2E1A67140F09F100A5D0F8 /* tosmiss-iphone.app */,
			);
			name = Products;
			sourceTree = "<group>";
		};
		6B2E1A6A140F09F100A5D0F8 /* Frameworks */ = {
			isa = PBXGroup;
			children = (
				6B2E1A6B140F09F100A5D0F8 /* UIKit.framework */,
				6B2E1A6D140F09F100A5D0F8 /* Foundation.framework */,
				6B2E1A6F140F09F100A5D0F8 /* CoreGraphics.framework */,
			);
			name = Frameworks;
			sourceTree = "<group>";
		};
		6B2E1A71140F09F100A5D0F8 /* tosmiss-iphone */ = {
			isa = PBXGroup;
			children = (
				6B2E1A8B140F0B0A00A5D0F8 /* AboutViewController.h */,
				6B2E1A8C140F0B0A00A5D0F8 /* AboutViewController.m */,
				6B2E1A8D140F0B0A00A5D0F8 /* AboutViewController.xib */,
				6B2E1A8E140F0B0A00A5D0F8 /* AsyncSocket.h */,
				6B2E1A8F140F0B0A00A5D0F8 /* AsyncSocket.m */,
				6B2E1A90140F0B0A00A5D0F8 /* random.png */,
				6B2E1A91140F0B0A00A5D0F8 /* random@2x.png */,
				6B2E1A7A140F09F100A5D0F8 /* tosmiss_iphoneAppDelegate.h */,
				6B2E1A7B140F09F100A5D0F8 /* tosmiss_iphoneAppDelegate.m */,
				6B2E1A7D140F09F100A5D0F8 /* MainWindow.xib */,
				6B2E1A80140F09F100A5D0F8 /* tosmiss_iphoneViewController.h */,
				6B2E1A81140F09F100A5D0F8 /* tosmiss_iphoneViewController.m */,
				6B2E1A83140F09F100A5D0F8 /* tosmiss_iphoneViewController.xib */,
				6B2E1A72140F09F100A5D0F8 /* Supporting Files */,
			);
			path = "tosmiss-iphone";
			sourceTree = "<group>";
		};
		6B2E1A72140F09F100A5D0F8 /* Supporting Files */ = {
			isa = PBXGroup;
			children = (
				6B2E1A73140F09F100A5D0F8 /* tosmiss-iphone-Info.plist */,
				6B2E1A74140F09F100A5D0F8 /* InfoPlist.strings */,
				6B2E1A77140F09F100A5D0F8 /* tosmiss-iphone-Prefix.pch */,
				6B2E1A78140F09F100A5D0F8 /* main.m */,
			);
			name = "Supporting Files";
			sourceTree = "<group>";
		};
/* End PBXGroup section */

/* Begin PBXNativeTarget section */
		6B2E1A66140F09F100A5D0F8 /* tosmiss-iphone */ = {
			isa = PBXNativeTarget;
			buildConfigurationList = 6B2E1A88140F09F100A5D0F8 /* Build configuration list for PBXNativeTarget "tosmiss-iphone" */;
			buildPhases = (
				6B2E1A63140F09F100A5D0F8 /* Sources */,
				6B2E1A64140F09F100A5D0F8 /* Frameworks */,
				6B2E1A65140F09F100A5D0F8 /* Resources */,
			);
			buildRules = (
			);
			dependencies = (
			);
			name = "tosmiss-iphone";
			productName = "tosmiss-iphone";
			productReference = 6B2E1A67140F09F100A5D0F8 /* tosmiss-iphone.app */;
			productType = "com.apple.product-type.application";
		};
/* End PBXNativeTarget section */

/* Begin PBXProject section */
		6B2E1A5E140F09F100A5D0F8 /* Project object */ = {
			isa = PBXProject;
			buildConfigurationList = 6B2E1A61140F09F100A5D0F8 /* Build configuration list for PBXProject "tosmiss-iphone" */;
			compatibilityVersion = "Xcode 3.2";
			developmentRegion = English;
			hasScannedForEncodings = 0;
			knownRegions = (
				en,
			);
			mainGroup = 6B2E1A5C140F09F100A5D0F8;
			productRefGroup = 6B2E1A68140F09F100A5D0F8 /* Products */;
			projectDirPath = "";
			projectRoot = "";
			targets = (
				6B2E1A66140F09F100A5D0F8 /* tosmiss-iphone */,
			);
		};
/* End PBXProject section */

/* Begin PBXResourcesBuildPhase section */
		6B2E1A65140F09F100A5D0F8 /* Resources */ = {
			isa = PBXResourcesBuildPhase;
			buildActionMask = 2147483647;
			files = (
				6B2E1A76140F09F100A5D0F8 /* InfoPlist.strings in Resources */,
				6B2E1A7F140F09F100A5D0F8 /* MainWindow.xib in Resources */,
				6B2E1A85140F09F100A5D0F8 /* tosmiss_iphoneViewController.xib in Resources */,
				6B2E1A93140F0B0A00A5D0F8 /* AboutViewController.xib in Resources */,
				6B2E1A95140F0B0A00A5D0F8 /* random.png in Resources */,
				6B2E1A96140F0B0A00A5D0F8 /* random@2x.png in Resources */,
			);
			runOnlyForDeploymentPostprocessing = 0;
		};
/* End PBXResourcesBuildPhase section */

/* Begin PBXSourcesBuildPhase section */
		6B2E1A63140F09F100A5D0F8 /* Sources */ = {
			isa = PBXSourcesBuildPhase;
			buildActionMask = 2147483647;
			files = (
				6B2E1A79140F09F100A5D0F8 /* main.m in Sources */,
				6B2E1A7C140F09F100A5D0F8 /* tosmiss_iphoneAppDelegate.m in Sources */,
				6B2E1A82140F09F100A5D0F8 /* tosmiss_iphoneViewController.m in Sources */,
				6B2E1A92140F0B0A00A5D0F8 /* AboutViewController.m in Sources */,
				6B2E1A94140F0B0A00A5D0F8 /* AsyncSocket.m in Sources */,
			);
			runOnlyForDeploymentPostprocessing = 0;
		};
/* End PBXSourcesBuildPhase section */

/* Begin PBXVariantGroup section */
		6B2E1A74140F09F100A5D0F8 /* InfoPlist.strings */ = {
			isa = PBXVariantGroup;
			children = (
				6B2E1A75140F09F100A5D0F8 /* en */,
			);
			name = InfoPlist.strings;
			sourceTree = "<group>";
		};
		6B2E1A7D140F09F100A5D0F8 /* MainWindow.xib */ = {
			isa = PBXVariantGroup;
			children = (
				6B2E1A7E140F09F100A5D0F8 /* en */,
			);
			name = MainWindow.xib;
			sourceTree = "<group>";
		};
		6B2E1A83140F09F100A5D0F8 /* tosmiss_iphoneViewController.xib */ = {
			isa = PBXVariantGroup;
			children = (
				6B2E1A84140F09F100A5D0F8 /* en */,
			);
			name = tosmiss_iphoneViewController.xib;
			sourceTree = "<group>";
		};
/* End PBXVariantGroup section */

/* Begin XCBuildConfiguration section */
		6B2E1A86140F09F100A5D0F8 /* Debug */ = {
			isa = XCBuildConfiguration;
			buildSettings = {
				ARCHS = "$(ARCHS_STANDARD_32_BIT)";
				"CODE_SIGN_IDENTITY[sdk=iphoneos*]" = "iPhone Developer";
				GCC_C_LANGUAGE_STANDARD = gnu99;
				GCC_OPTIMIZATION_LEVEL = 0;
				GCC_PREPROCESSOR_DEFINITIONS = DEBUG;
				GCC_SYMBOLS_PRIVATE_EXTERN = NO;
				GCC_VERSION = com.apple.compilers.llvmgcc42;
				GCC_WARN_ABOUT_RETURN_TYPE = YES;
				GCC_WARN_UNUSED_VARIABLE = YES;
				IPHONEOS_DEPLOYMENT_TARGET = 4.3;
				SDKROOT = iphoneos;
			};
			name = Debug;
		};
		6B2E1A87140F09F100A5D0F8 /* Release */ = {
			isa = XCBuildConfiguration;
			buildSettings = {
				ARCHS = "$(ARCHS_STANDARD_32_BIT)";
				"CODE_SIGN_IDENTITY[sdk=iphoneos*]" = "iPhone Developer";
				GCC_C_LANGUAGE_STANDARD = gnu99;
				GCC_VERSION = com.apple.compilers.llvmgcc42;
				GCC_WARN_ABOUT_RETURN_TYPE = YES;
				GCC_WARN_UNUSED_VARIABLE = YES;
				IPHONEOS_DEPLOYMENT_TARGET = 4.3;
				OTHER_CFLAGS = "-DNS_BLOCK_ASSERTIONS=1";
				SDKROOT = iphoneos;
			};
			name = Release;
		};
		6B2E1A89140F09F100A5D0F8 /* Debug */ = {
			isa = XCBuildConfiguration;
			buildSettings = {
				ALWAYS_SEARCH_USER_PATHS = NO;
				COPY_PHASE_STRIP = NO;
				GCC_DYNAMIC_NO_PIC = NO;
				GCC_PRECOMPILE_PREFIX_HEADER = YES;
				GCC_PREFIX_HEADER = "tosmiss-iphone/tosmiss-iphone-Prefix.pch";
				INFOPLIST_FILE = "tosmiss-iphone/tosmiss-iphone-Info.plist";
				PRODUCT_NAME = "$(TARGET_NAME)";
				WRAPPER_EXTENSION = app;
			};
			name = Debug;
		};
		6B2E1A8A140F09F100A5D0F8 /* Release */ = {
			isa = XCBuildConfiguration;
			buildSettings = {
				ALWAYS_SEARCH_USER_PATHS = NO;
				COPY_PHASE_STRIP = YES;
				GCC_PRECOMPILE_PREFIX_HEADER = YES;
				GCC_PREFIX_HEADER = "tosmiss-iphone/tosmiss-iphone-Prefix.pch";
				INFOPLIST_FILE = "tosmiss-iphone/tosmiss-iphone-Info.plist";
				PRODUCT_NAME = "$(TARGET_NAME)";
				VALIDATE_PRODUCT = YES;
				WRAPPER_EXTENSION = app;
			};
			name = Release;
		};
/* End XCBuildConfiguration section */

/* Begin XCConfigurationList section */
		6B2E1A61140F09F100A5D0F8 /* Build configuration list for PBXProject "tosmiss-iphone" */ = {
			isa = XCConfigurationList;
			buildConfigurations = (
				6B2E1A86140F09F100A5D0F8 /* Debug */,
				6B2E1A87140F09F100A5D0F8 /* Release */,
			);
			defaultConfigurationIsVisible = 0;
			defaultConfigurationName = Release;
		};
		6B2E1A88140F09F100A5D0F8 /* Build configuration list for PBXNativeTarget "tosmiss-iphone" */ = {
			isa = XCConfigurationList;
			buildConfigurations = (
				6B2E1A89140F09F100A5D0F8 /* Debug */,
				6B2E1A8A140F09F100A5D0F8 /* Release */,
			);
			defaultConfigurationIsVisible = 0;
		};
/* End XCConfigurationList section */
	};
	rootObject = 6B2E1A5E140F09F100A5D0F8 /* Project object */;
}
